
Microsoft Visual Studio Solution File, Format Version 12.00
# Visual Studio Version 16
VisualStudioVersion = 16.0.28803.352
MinimumVisualStudioVersion = 10.0.40219.1
Project("{9A19103F-16F7-4668-BE54-9A1E7A4F7556}") = "SlitherAIBase", "SlitherAIBase.csproj", "{4CB1CBB8-4D7F-4070-9B1A-46BD559130E4}"
EndProject
Project("{FAE04EC0-301F-11D3-BF4B-00C04F79EFBC}") = "TestAI", "..\TestAI\TestAI.csproj", "{FF5F431F-835D-4F3A-902E-E20EA6353998}"
EndProject
Global
	GlobalSection(SolutionConfigurationPlatforms) = preSolution
		Debug|Any CPU = Debug|Any CPU
		Release|Any CPU = Release|Any CPU
	EndGlobalSection
	GlobalSection(ProjectConfigurationPlatforms) = postSolution
		{4CB1CBB8-4D7F-4070-9B1A-46BD559130E4}.Debug|Any CPU.ActiveCfg = Debug|Any CPU
		{4CB1CBB8-4D7F-4070-9B1A-46BD559130E4}.Debug|Any CPU.Build.0 = Debug|Any CPU
		{4CB1CBB8-4D7F-4070-9B1A-46BD559130E4}.Release|Any CPU.ActiveCfg = Release|Any CPU
		{4CB1CBB8-4D7F-4070-9B1A-46BD559130E4}.Release|Any CPU.Build.0 = Release|Any CPU
		{FF5F431F-835D-4F3A-902E-E20EA6353998}.Debug|Any CPU.ActiveCfg = Debug|Any CPU
		{FF5F431F-835D-4F3A-902E-E20EA6353998}.Debug|Any CPU.Build.0 = Debug|Any CPU
		{FF5F431F-835D-4F3A-902E-E20EA6353998}.Release|Any CPU.ActiveCfg = Release|Any CPU
		{FF5F431F-835D-4F3A-902E-E20EA6353998}.Release|Any CPU.Build.0 = Release|Any CPU
	EndGlobalSection
	GlobalSection(SolutionProperties) = preSolution
		HideSolutionNode = FALSE
	EndGlobalSection
	GlobalSection(ExtensibilityGlobals) = postSolution
		SolutionGuid = {AF15D32A-DFFC-4086-8B50-0E4527CAEACF}
	EndGlobalSection
EndGlobal
